<?xml version="1.0" encoding="UTF-8" standalone="yes" ?>
<CodeBlocks_project_file>
	<FileVersion major="1" minor="6" />
	<Project>
		<Option title="Whore Master Renewal" />
		<Option platforms="Windows;" />
		<Option compiler="gcc" />
		<Option virtualFolders="Resources\;Resources\Interface\;Resources\Interface\Screens\;Sources\;Headers\;" />
		<Build>
			<Target title="Debug">
				<Option output="..\bin\WhoreMasterRenewal-DEBUG" prefix_auto="1" extension_auto="1" />
				<Option working_dir="..\bin" />
				<Option object_output="obj\Debug\" />
				<Option type="1" />
				<Option compiler="gcc" />
				<Compiler>
					<Add option="-Winit-self" />
					<Add option="-Wredundant-decls" />
					<Add option="-Wcast-align" />
					<Add option="-Winline" />
					<Add option="-Wunreachable-code" />
					<Add option="-Wmissing-declarations" />
					<Add option="-Wmissing-include-dirs" />
					<Add option="-g" />
				</Compiler>
				<Linker>
					<Add library="mingw32" />
					<Add library="Dependencies\SDL\lib\libSDLmain.a" />
					<Add library="Dependencies\lua\lib\liblua.a" />
					<Add library="Dependencies\SDL\lib\libSDL_gfx.a" />
					<Add library="Dependencies\TinyXML\lib\libTinyXML.a" />
					<Add library="Dependencies\pugixml\lib\libpugixml-s.a" />
					<Add library="Dependencies\SDL\lib\SDL_ttf.lib" />
					<Add library="Dependencies\SDL\lib\SDL_image.lib" />
					<Add library="Dependencies\SDL\lib\libSDL.a" />
					<Add library="Dependencies\SFGUI\lib\libsfgui-s-d.a" />
					<Add library="Dependencies\SFML\lib\libsfml-graphics-s-d.a" />
					<Add library="glew" />
					<Add library="Dependencies\jpeg\lib\libjpeg-s.a" />
					<Add library="Dependencies\SFML\lib\libsfml-window-s-d.a" />
					<Add library="Dependencies\SFML\lib\libsfml-system-s-d.a" />
					<Add library="opengl32" />
					<Add library="gdi32" />
					<Add library="winmm" />
				</Linker>
			</Target>
			<Target title="Release">
				<Option output="..\bin\WhoreMasterRenewal" prefix_auto="1" extension_auto="1" />
				<Option working_dir="..\bin" />
				<Option object_output="obj\Release\" />
				<Option type="0" />
				<Option compiler="gcc" />
				<Compiler>
					<Add option="-fexpensive-optimizations" />
					<Add option="-O3" />
					<Add option="-Wall" />
				</Compiler>
				<Linker>
					<Add option="-s" />
					<Add library="mingw32" />
					<Add library="Dependencies\SDL\lib\libSDLmain.a" />
					<Add library="Dependencies\lua\lib\liblua.a" />
					<Add library="Dependencies\SDL\lib\libSDL_gfx.a" />
					<Add library="Dependencies\TinyXML\lib\libTinyXML.a" />
					<Add library="Dependencies\pugixml\lib\libpugixml-s.a" />
					<Add library="Dependencies\SDL\lib\SDL_ttf.lib" />
					<Add library="Dependencies\SDL\lib\SDL_image.lib" />
					<Add library="Dependencies\SDL\lib\libSDL.a" />
					<Add library="Dependencies\SFGUI\lib\libsfgui-s.a" />
					<Add library="Dependencies\SFML\lib\libsfml-graphics-s.a" />
					<Add library="glew" />
					<Add library="Dependencies\jpeg\lib\libjpeg-s.a" />
					<Add library="Dependencies\SFML\lib\libsfml-window-s.a" />
					<Add library="Dependencies\SFML\lib\libsfml-system-s.a" />
					<Add library="opengl32" />
					<Add library="gdi32" />
					<Add library="winmm" />
				</Linker>
			</Target>
		</Build>
		<Compiler>
			<Add option="-std=c++0x" />
			<Add directory="Dependencies\SDL\include\SDL" />
			<Add directory="Dependencies\lua\include" />
			<Add directory="Dependencies\TinyXML\include" />
			<Add directory="Dependencies\SFML\include" />
			<Add directory="Dependencies\SFGUI\include" />
			<Add directory="Dependencies\pugixml\include" />
		</Compiler>
		<Linker>
			<Add option="-static-libstdc++" />
			<Add option="-static-libgcc" />
			<Add directory="Dependencies\SDL\lib" />
			<Add directory="Dependencies\lua\lib" />
			<Add directory="Dependencies\TinyXML\lib" />
			<Add directory="Dependencies\SFML\lib" />
			<Add directory="Dependencies\SFGUI\lib" />
			<Add directory="Dependencies\TinyXML-2\lib" />
		</Linker>
		<ExtraCommands>
			<Add after='C:\WINDOWS\system32\cmd.exe /C &quot;&quot;D:\Git\bin\sh.exe&quot; &quot;--login&quot; &quot;../copyRequiredFilesToBin.sh&quot; &quot;saves&quot; &quot;onlyNew&quot; &quot;verbose&quot;&quot;' />
			<Mode after="always" />
		</ExtraCommands>
		<Unit filename="Resources\Interface\Screens\Bank.xml">
			<Option virtualFolder="Resources\Interface\Screens\" />
		</Unit>
		<Unit filename="Resources\Interface\Screens\Brothel.xml">
			<Option virtualFolder="Resources\Interface\Screens\" />
		</Unit>
		<Unit filename="Resources\Interface\Screens\BrothelSetup.xml">
			<Option virtualFolder="Resources\Interface\Screens\" />
		</Unit>
		<Unit filename="Resources\Interface\Screens\Dungeon.xml">
			<Option virtualFolder="Resources\Interface\Screens\" />
		</Unit>
		<Unit filename="Resources\Interface\Screens\GangManagement.xml">
			<Option virtualFolder="Resources\Interface\Screens\" />
		</Unit>
		<Unit filename="Resources\Interface\Screens\GirlDetails.xml">
			<Option virtualFolder="Resources\Interface\Screens\" />
		</Unit>
		<Unit filename="Resources\Interface\Screens\GirlGallery.xml">
			<Option virtualFolder="Resources\Interface\Screens\" />
		</Unit>
		<Unit filename="Resources\Interface\Screens\GirlManagement.xml">
			<Option virtualFolder="Resources\Interface\Screens\" />
		</Unit>
		<Unit filename="Resources\Interface\Screens\House.xml">
			<Option virtualFolder="Headers\" />
		</Unit>
		<Unit filename="Resources\Interface\Screens\Inventory.xml">
			<Option virtualFolder="Resources\Interface\Screens\" />
		</Unit>
		<Unit filename="Resources\Interface\Screens\Jail.xml">
			<Option virtualFolder="Resources\Interface\Screens\" />
		</Unit>
		<Unit filename="Resources\Interface\Screens\LoadGame.xml">
			<Option virtualFolder="Resources\Interface\Screens\" />
		</Unit>
		<Unit filename="Resources\Interface\Screens\MainMenu.xml">
			<Option virtualFolder="Resources\Interface\Screens\" />
		</Unit>
		<Unit filename="Resources\Interface\Screens\NewGame.xml">
			<Option virtualFolder="Resources\Interface\Screens\" />
		</Unit>
		<Unit filename="Resources\Interface\Screens\SlaveMarket.xml">
			<Option virtualFolder="Resources\Interface\Screens\" />
		</Unit>
		<Unit filename="Resources\Interface\Screens\Town.xml">
			<Option virtualFolder="Resources\Interface\Screens\" />
		</Unit>
		<Unit filename="Resources\Interface\Screens\TownHall.xml">
			<Option virtualFolder="Resources\Interface\Screens\" />
		</Unit>
		<Unit filename="Resources\Interface\Screens\TransferGirls.xml">
			<Option virtualFolder="Resources\Interface\Screens\" />
		</Unit>
		<Unit filename="Resources\Interface\Screens\TurnSummary.xml">
			<Option virtualFolder="Resources\Interface\Screens\" />
		</Unit>
		<Unit filename="src\CGameObject.cpp">
			<Option virtualFolder="Sources\" />
		</Unit>
		<Unit filename="src\CGameObject.h">
			<Option virtualFolder="Headers\" />
		</Unit>
		<Unit filename="src\CGraphics.cpp">
			<Option virtualFolder="Sources\" />
		</Unit>
		<Unit filename="src\CGraphics.h">
			<Option virtualFolder="Headers\" />
		</Unit>
		<Unit filename="src\CLog.cpp">
			<Option virtualFolder="Sources\" />
		</Unit>
		<Unit filename="src\CLog.h">
			<Option virtualFolder="Headers\" />
		</Unit>
		<Unit filename="src\CRenderQue.cpp">
			<Option virtualFolder="Sources\" />
		</Unit>
		<Unit filename="src\CRenderQue.h">
			<Option virtualFolder="Headers\" />
		</Unit>
		<Unit filename="src\CResource.h">
			<Option virtualFolder="Headers\" />
		</Unit>
		<Unit filename="src\CResourceManager.cpp">
			<Option virtualFolder="Sources\" />
		</Unit>
		<Unit filename="src\CResourceManager.h">
			<Option virtualFolder="Headers\" />
		</Unit>
		<Unit filename="src\CSurface.cpp">
			<Option virtualFolder="Sources\" />
		</Unit>
		<Unit filename="src\CSurface.h">
			<Option virtualFolder="Headers\" />
		</Unit>
		<Unit filename="src\CTimer.h">
			<Option virtualFolder="Headers\" />
		</Unit>
		<Unit filename="src\Constants.h">
			<Option virtualFolder="Headers\" />
		</Unit>
		<Unit filename="src\DirPath.cpp">
			<Option virtualFolder="Sources\" />
		</Unit>
		<Unit filename="src\DirPath.h">
			<Option virtualFolder="Headers\" />
		</Unit>
		<Unit filename="src\FileList.cpp">
			<Option virtualFolder="Sources\" />
		</Unit>
		<Unit filename="src\FileList.h">
			<Option virtualFolder="Headers\" />
		</Unit>
		<Unit filename="src\GameFlags.cpp">
			<Option virtualFolder="Sources\" />
		</Unit>
		<Unit filename="src\GameFlags.h">
			<Option virtualFolder="Headers\" />
		</Unit>
		<Unit filename="src\GameSystem.h">
			<Option virtualFolder="Headers\" />
		</Unit>
		<Unit filename="src\GraphicsSystem.h">
			<Option virtualFolder="Headers\" />
		</Unit>
		<Unit filename="src\IconSurface.h">
			<Option virtualFolder="Headers\" />
		</Unit>
		<Unit filename="src\InterfaceGlobals.cpp">
			<Option virtualFolder="Sources\" />
		</Unit>
		<Unit filename="src\InterfaceGlobals.h">
			<Option virtualFolder="Headers\" />
		</Unit>
		<Unit filename="src\InterfaceIDs.h">
			<Option virtualFolder="Headers\" />
		</Unit>
		<Unit filename="src\InterfaceProcesses.cpp">
			<Option virtualFolder="Sources\" />
		</Unit>
		<Unit filename="src\InterfaceProcesses.h">
			<Option virtualFolder="Headers\" />
		</Unit>
		<Unit filename="src\LuaUtils.hpp">
			<Option virtualFolder="Headers\" />
		</Unit>
		<Unit filename="src\MasterFile.h">
			<Option virtualFolder="Headers\" />
		</Unit>
		<Unit filename="src\ResizableImage.hpp" />
		<Unit filename="src\Revision.h">
			<Option virtualFolder="Headers\" />
		</Unit>
		<Unit filename="src\SDLStuff.h">
			<Option virtualFolder="Headers\" />
		</Unit>
		<Unit filename="src\WhoreMasterRenewalWindow.cpp">
			<Option virtualFolder="Sources\" />
		</Unit>
		<Unit filename="src\WhoreMasterRenewalWindow.hpp">
			<Option virtualFolder="Headers\" />
		</Unit>
		<Unit filename="src\WindowFromXMLLoader.hpp">
			<Option virtualFolder="Headers\" />
		</Unit>
		<Unit filename="src\WorkAdvertising.cpp">
			<Option virtualFolder="Sources\" />
		</Unit>
		<Unit filename="src\WorkBar.cpp">
			<Option virtualFolder="Sources\" />
		</Unit>
		<Unit filename="src\WorkBeastCapture.cpp">
			<Option virtualFolder="Sources\" />
		</Unit>
		<Unit filename="src\WorkBeastCare.cpp">
			<Option virtualFolder="Sources\" />
		</Unit>
		<Unit filename="src\WorkBrothelMassusse.cpp">
			<Option virtualFolder="Sources\" />
		</Unit>
		<Unit filename="src\WorkExploreCatacombs.cpp">
			<Option virtualFolder="Sources\" />
		</Unit>
		<Unit filename="src\WorkFluffer.cpp">
			<Option virtualFolder="Sources\" />
		</Unit>
		<Unit filename="src\WorkFreetime.cpp">
			<Option virtualFolder="Sources\" />
		</Unit>
		<Unit filename="src\WorkHall.cpp">
			<Option virtualFolder="Sources\" />
		</Unit>
		<Unit filename="src\WorkMatron.cpp">
			<Option virtualFolder="Sources\" />
		</Unit>
		<Unit filename="src\WorkSecurity.cpp">
			<Option virtualFolder="Sources\" />
		</Unit>
		<Unit filename="src\WorkStripper.cpp">
			<Option virtualFolder="Sources\" />
		</Unit>
		<Unit filename="src\WorkTorturer.cpp">
			<Option virtualFolder="Sources\" />
		</Unit>
		<Unit filename="src\WorkWhore.cpp">
			<Option virtualFolder="Sources\" />
		</Unit>
		<Unit filename="src\XmlMisc.cpp">
			<Option virtualFolder="Sources\" />
		</Unit>
		<Unit filename="src\XmlMisc.h">
			<Option virtualFolder="Headers\" />
		</Unit>
		<Unit filename="src\XmlUtil.cpp">
			<Option virtualFolder="Sources\" />
		</Unit>
		<Unit filename="src\XmlUtil.h">
			<Option virtualFolder="Headers\" />
		</Unit>
		<Unit filename="src\cAnimatedSurface.cpp">
			<Option virtualFolder="Sources\" />
		</Unit>
		<Unit filename="src\cAnimatedSurface.h">
			<Option virtualFolder="Headers\" />
		</Unit>
		<Unit filename="src\cBrothel.cpp">
			<Option virtualFolder="Sources\" />
		</Unit>
		<Unit filename="src\cBrothel.h">
			<Option virtualFolder="Headers\" />
		</Unit>
		<Unit filename="src\cBuilding.cpp">
			<Option virtualFolder="Sources\" />
		</Unit>
		<Unit filename="src\cBuilding.h">
			<Option virtualFolder="Headers\" />
		</Unit>
		<Unit filename="src\cButton.cpp">
			<Option virtualFolder="Sources\" />
		</Unit>
		<Unit filename="src\cButton.h">
			<Option virtualFolder="Headers\" />
		</Unit>
		<Unit filename="src\cCheckBox.cpp">
			<Option virtualFolder="Sources\" />
		</Unit>
		<Unit filename="src\cCheckBox.h">
			<Option virtualFolder="Headers\" />
		</Unit>
		<Unit filename="src\cChoiceMessage.cpp">
			<Option virtualFolder="Sources\" />
		</Unit>
		<Unit filename="src\cChoiceMessage.h">
			<Option virtualFolder="Headers\" />
		</Unit>
		<Unit filename="src\cColor.cpp">
			<Option virtualFolder="Sources\" />
		</Unit>
		<Unit filename="src\cColor.h">
			<Option virtualFolder="Headers\" />
		</Unit>
		<Unit filename="src\cCustomers.cpp">
			<Option virtualFolder="Sources\" />
		</Unit>
		<Unit filename="src\cCustomers.h">
			<Option virtualFolder="Headers\" />
		</Unit>
		<Unit filename="src\cDungeon.cpp">
			<Option virtualFolder="Sources\" />
		</Unit>
		<Unit filename="src\cDungeon.h">
			<Option virtualFolder="Headers\" />
		</Unit>
		<Unit filename="src\cEditBox.cpp">
			<Option virtualFolder="Sources\" />
		</Unit>
		<Unit filename="src\cEditBox.h">
			<Option virtualFolder="Headers\" />
		</Unit>
		<Unit filename="src\cEvents.cpp">
			<Option virtualFolder="Sources\" />
		</Unit>
		<Unit filename="src\cEvents.h">
			<Option virtualFolder="Headers\" />
		</Unit>
		<Unit filename="src\cFont.cpp">
			<Option virtualFolder="Sources\" />
		</Unit>
		<Unit filename="src\cFont.h">
			<Option virtualFolder="Headers\" />
		</Unit>
		<Unit filename="src\cGameScript.cpp">
			<Option virtualFolder="Sources\" />
		</Unit>
		<Unit filename="src\cGameScript.h">
			<Option virtualFolder="Headers\" />
		</Unit>
		<Unit filename="src\cGangs.cpp">
			<Option virtualFolder="Sources\" />
		</Unit>
		<Unit filename="src\cGangs.h">
			<Option virtualFolder="Headers\" />
		</Unit>
		<Unit filename="src\cGetStringScreenManager.cpp">
			<Option virtualFolder="Sources\" />
		</Unit>
		<Unit filename="src\cGetStringScreenManager.h">
			<Option virtualFolder="Headers\" />
		</Unit>
		<Unit filename="src\cGirlGangFight.cpp">
			<Option virtualFolder="Sources\" />
		</Unit>
		<Unit filename="src\cGirlGangFight.h">
			<Option virtualFolder="Headers\" />
		</Unit>
		<Unit filename="src\cGirlTorture.cpp">
			<Option virtualFolder="Sources\" />
		</Unit>
		<Unit filename="src\cGirlTorture.h">
			<Option virtualFolder="Headers\" />
		</Unit>
		<Unit filename="src\cGirls.cpp">
			<Option virtualFolder="Sources\" />
		</Unit>
		<Unit filename="src\cGirls.h">
			<Option virtualFolder="Headers\" />
		</Unit>
		<Unit filename="src\cGold.cpp">
			<Option virtualFolder="Sources\" />
		</Unit>
		<Unit filename="src\cGold.h">
			<Option virtualFolder="Headers\" />
		</Unit>
		<Unit filename="src\cImageItem.cpp">
			<Option virtualFolder="Sources\" />
		</Unit>
		<Unit filename="src\cImageItem.h">
			<Option virtualFolder="Headers\" />
		</Unit>
		<Unit filename="src\cInterfaceEvent.h">
			<Option virtualFolder="Headers\" />
		</Unit>
		<Unit filename="src\cInterfaceObject.h">
			<Option virtualFolder="Headers\" />
		</Unit>
		<Unit filename="src\cInterfaceWindow.cpp">
			<Option virtualFolder="Sources\" />
		</Unit>
		<Unit filename="src\cInterfaceWindow.h">
			<Option virtualFolder="Headers\" />
		</Unit>
		<Unit filename="src\cInventory.cpp">
			<Option virtualFolder="Sources\" />
		</Unit>
		<Unit filename="src\cInventory.h">
			<Option virtualFolder="Headers\" />
		</Unit>
		<Unit filename="src\cInventoryManagementSM.cpp">
			<Option compile="0" />
			<Option link="0" />
			<Option virtualFolder="Sources\" />
		</Unit>
		<Unit filename="src\cInventoryManagementSM.h">
			<Option virtualFolder="Headers\" />
		</Unit>
		<Unit filename="src\cJobManager.cpp">
			<Option virtualFolder="Sources\" />
		</Unit>
		<Unit filename="src\cJobManager.h">
			<Option virtualFolder="Headers\" />
		</Unit>
		<Unit filename="src\cJobs.h">
			<Option virtualFolder="Headers\" />
		</Unit>
		<Unit filename="src\cListBox.cpp">
			<Option virtualFolder="Sources\" />
		</Unit>
		<Unit filename="src\cListBox.h">
			<Option virtualFolder="Headers\" />
		</Unit>
		<Unit filename="src\cLuaMenu.cpp">
			<Option virtualFolder="Sources\" />
		</Unit>
		<Unit filename="src\cLuaMenu.h">
			<Option virtualFolder="Headers\" />
		</Unit>
		<Unit filename="src\cLuaScript.cpp">
			<Option virtualFolder="Sources\" />
		</Unit>
		<Unit filename="src\cLuaScript.h">
			<Option virtualFolder="Headers\" />
		</Unit>
		<Unit filename="src\cMessageBox.cpp">
			<Option virtualFolder="Sources\" />
		</Unit>
		<Unit filename="src\cMessageBox.h">
			<Option virtualFolder="Headers\" />
		</Unit>
		<Unit filename="src\cNameList.cpp">
			<Option virtualFolder="Sources\" />
		</Unit>
		<Unit filename="src\cNameList.h">
			<Option virtualFolder="Headers\" />
		</Unit>
		<Unit filename="src\cPlayer.cpp">
			<Option virtualFolder="Sources\" />
		</Unit>
		<Unit filename="src\cPlayer.h">
			<Option virtualFolder="Headers\" />
		</Unit>
		<Unit filename="src\cRival.cpp">
			<Option virtualFolder="Sources\" />
		</Unit>
		<Unit filename="src\cRival.h">
			<Option virtualFolder="Headers\" />
		</Unit>
		<Unit filename="src\cRng.cpp">
			<Option virtualFolder="Sources\" />
		</Unit>
		<Unit filename="src\cRng.h">
			<Option virtualFolder="Headers\" />
		</Unit>
		<Unit filename="src\cScreenBank.cpp">
			<Option virtualFolder="Sources\" />
		</Unit>
		<Unit filename="src\cScreenBank.h">
			<Option virtualFolder="Headers\" />
		</Unit>
		<Unit filename="src\cScreenBuildingManagement.cpp">
			<Option virtualFolder="Sources\" />
		</Unit>
		<Unit filename="src\cScreenBuildingManagement.h">
			<Option virtualFolder="Headers\" />
		</Unit>
		<Unit filename="src\cScreenBuildingSetup.cpp">
			<Option virtualFolder="Sources\" />
		</Unit>
		<Unit filename="src\cScreenBuildingSetup.h">
			<Option virtualFolder="Headers\" />
		</Unit>
		<Unit filename="src\cScreenDungeon.cpp">
			<Option virtualFolder="Sources\" />
		</Unit>
		<Unit filename="src\cScreenDungeon.h">
			<Option virtualFolder="Headers\" />
		</Unit>
		<Unit filename="src\cScreenGangs.cpp">
			<Option virtualFolder="Sources\" />
		</Unit>
		<Unit filename="src\cScreenGangs.h">
			<Option virtualFolder="Headers\" />
		</Unit>
		<Unit filename="src\cScreenGirlDetails.cpp">
			<Option virtualFolder="Sources\" />
		</Unit>
		<Unit filename="src\cScreenGirlDetails.h">
			<Option virtualFolder="Headers\" />
		</Unit>
		<Unit filename="src\cScreenGirlManagement.cpp">
			<Option virtualFolder="Sources\" />
		</Unit>
		<Unit filename="src\cScreenGirlManagement.h">
			<Option virtualFolder="Headers\" />
		</Unit>
		<Unit filename="src\cScreenHouse.cpp">
			<Option virtualFolder="Sources\" />
		</Unit>
		<Unit filename="src\cScreenHouse.h">
			<Option virtualFolder="Headers\" />
		</Unit>
		<Unit filename="src\cScreenItemManagement.cpp">
			<Option virtualFolder="Sources\" />
		</Unit>
		<Unit filename="src\cScreenItemManagement.h">
			<Option virtualFolder="Headers\" />
		</Unit>
		<Unit filename="src\cScreenMayor.cpp">
			<Option virtualFolder="Sources\" />
		</Unit>
		<Unit filename="src\cScreenMayor.h">
			<Option virtualFolder="Headers\" />
		</Unit>
		<Unit filename="src\cScreenPrison.cpp">
			<Option virtualFolder="Sources\" />
		</Unit>
		<Unit filename="src\cScreenPrison.h">
			<Option virtualFolder="Headers\" />
		</Unit>
		<Unit filename="src\cScreenSlaveMarket.cpp">
			<Option virtualFolder="Sources\" />
		</Unit>
		<Unit filename="src\cScreenSlaveMarket.h">
			<Option virtualFolder="Headers\" />
		</Unit>
		<Unit filename="src\cScreenTown.cpp">
			<Option virtualFolder="Sources\" />
		</Unit>
		<Unit filename="src\cScreenTown.h">
			<Option virtualFolder="Headers\" />
		</Unit>
		<Unit filename="src\cScriptManager.cpp">
			<Option virtualFolder="Sources\" />
		</Unit>
		<Unit filename="src\cScriptManager.h">
			<Option virtualFolder="Headers\" />
		</Unit>
		<Unit filename="src\cScriptUtils.cpp">
			<Option virtualFolder="Sources\" />
		</Unit>
		<Unit filename="src\cScriptUtils.h">
			<Option virtualFolder="Headers\" />
		</Unit>
		<Unit filename="src\cScripts.cpp">
			<Option virtualFolder="Sources\" />
		</Unit>
		<Unit filename="src\cScripts.h">
			<Option virtualFolder="Headers\" />
		</Unit>
		<Unit filename="src\cScrollBar.cpp">
			<Option virtualFolder="Sources\" />
		</Unit>
		<Unit filename="src\cScrollBar.h">
			<Option virtualFolder="Headers\" />
		</Unit>
		<Unit filename="src\cSlider.cpp">
			<Option virtualFolder="Sources\" />
		</Unit>
		<Unit filename="src\cSlider.h">
			<Option virtualFolder="Headers\" />
		</Unit>
		<Unit filename="src\cTariff.cpp">
			<Option virtualFolder="Sources\" />
		</Unit>
		<Unit filename="src\cTariff.h">
			<Option virtualFolder="Headers\" />
		</Unit>
		<Unit filename="src\cTextItem.h">
			<Option virtualFolder="Headers\" />
		</Unit>
		<Unit filename="src\cTrainable.cpp">
			<Option virtualFolder="Sources\" />
		</Unit>
		<Unit filename="src\cTrainable.h">
			<Option virtualFolder="Headers\" />
		</Unit>
		<Unit filename="src\cTraits.cpp">
			<Option virtualFolder="Sources\" />
		</Unit>
		<Unit filename="src\cTraits.h">
			<Option virtualFolder="Headers\" />
		</Unit>
		<Unit filename="src\cTriggers.cpp">
			<Option virtualFolder="Sources\" />
		</Unit>
		<Unit filename="src\cTriggers.h">
			<Option virtualFolder="Headers\" />
		</Unit>
		<Unit filename="src\cWindowManager.cpp">
			<Option virtualFolder="Sources\" />
		</Unit>
		<Unit filename="src\cWindowManager.h">
			<Option virtualFolder="Headers\" />
		</Unit>
		<Unit filename="src\cWorkCleaning.cpp">
			<Option virtualFolder="Sources\" />
		</Unit>
		<Unit filename="src\cXmlWidget.h">
			<Option virtualFolder="Headers\" />
		</Unit>
		<Unit filename="src\linux.h">
			<Option virtualFolder="Headers\" />
		</Unit>
		<Unit filename="src\main.cpp">
			<Option virtualFolder="Sources\" />
		</Unit>
		<Unit filename="src\main.h">
			<Option virtualFolder="Headers\" />
		</Unit>
		<Unit filename="src\sConfig.cpp">
			<Option virtualFolder="Sources\" />
		</Unit>
		<Unit filename="src\sConfig.h">
			<Option virtualFolder="Headers\" />
		</Unit>
		<Unit filename="src\sFacility.cpp">
			<Option virtualFolder="Sources\" />
		</Unit>
		<Unit filename="src\sFacility.h">
			<Option virtualFolder="Headers\" />
		</Unit>
		<Unit filename="src\sFacilityList.cpp">
			<Option virtualFolder="Sources\" />
		</Unit>
		<Unit filename="src\sFacilityList.h">
			<Option virtualFolder="Headers\" />
		</Unit>
		<Unit filename="src\strnatcmp.cpp">
			<Option virtualFolder="Sources\" />
		</Unit>
		<Unit filename="src\strnatcmp.h">
			<Option virtualFolder="Headers\" />
		</Unit>
		<Extensions>
			<code_completion />
			<envvars />
			<debugger />
			<lib_finder disable_auto="1" />
			<DoxyBlocks>
				<comment_style block="0" line="0" />
				<doxyfile_project />
				<doxyfile_build />
				<doxyfile_warnings />
				<doxyfile_output />
				<doxyfile_dot />
				<general />
			</DoxyBlocks>
		</Extensions>
	</Project>
</CodeBlocks_project_file>
